
Microsoft Visual Studio Solution File, Format Version 12.00
# Visual Studio Version 17
VisualStudioVersion = 17.3.32929.385
MinimumVisualStudioVersion = 10.0.40219.1
Project("{9A19103F-16F7-4668-BE54-9A1E7A4F7556}") = "Final_Indv_Assignment", "Final_Indv_Assignment\Final_Indv_Assignment.csproj", "{C0472964-FE27-4462-AD92-EE03B66ECA72}"
EndProject
Project("{9A19103F-16F7-4668-BE54-9A1E7A4F7556}") = "DataLayer", "DataLayer\DataLayer.csproj", "{217D735B-AF0F-4232-8252-FC729ED9B5D4}"
EndProject
Project("{9A19103F-16F7-4668-BE54-9A1E7A4F7556}") = "LogicLayer", "LogicLayer\LogicLayer.csproj", "{582725C6-2C03-4564-BDA7-3A84B9364D05}"
EndProject
Project("{9A19103F-16F7-4668-BE54-9A1E7A4F7556}") = "Factory", "Factory\Factory.csproj", "{D12154B6-DABD-41E8-890F-6564F602DC36}"
EndProject
Project("{FAE04EC0-301F-11D3-BF4B-00C04F79EFBC}") = "UnitTestProject1", "UnitTestProject1\UnitTestProject1.csproj", "{521BA46A-4EDC-4319-9354-09F964078792}"
EndProject
Project("{9A19103F-16F7-4668-BE54-9A1E7A4F7556}") = "TestProject1", "TestProject1\TestProject1.csproj", "{B585D5CA-2FEB-4BCF-8FC6-A2F332090CF7}"
EndProject
Global
	GlobalSection(SolutionConfigurationPlatforms) = preSolution
		Debug|Any CPU = Debug|Any CPU
		Release|Any CPU = Release|Any CPU
	EndGlobalSection
	GlobalSection(ProjectConfigurationPlatforms) = postSolution
		{C0472964-FE27-4462-AD92-EE03B66ECA72}.Debug|Any CPU.ActiveCfg = Debug|Any CPU
		{C0472964-FE27-4462-AD92-EE03B66ECA72}.Debug|Any CPU.Build.0 = Debug|Any CPU
		{C0472964-FE27-4462-AD92-EE03B66ECA72}.Release|Any CPU.ActiveCfg = Debug|Any CPU
		{C0472964-FE27-4462-AD92-EE03B66ECA72}.Release|Any CPU.Build.0 = Debug|Any CPU
		{217D735B-AF0F-4232-8252-FC729ED9B5D4}.Debug|Any CPU.ActiveCfg = Debug|Any CPU
		{217D735B-AF0F-4232-8252-FC729ED9B5D4}.Debug|Any CPU.Build.0 = Debug|Any CPU
		{217D735B-AF0F-4232-8252-FC729ED9B5D4}.Release|Any CPU.ActiveCfg = Debug|Any CPU
		{217D735B-AF0F-4232-8252-FC729ED9B5D4}.Release|Any CPU.Build.0 = Debug|Any CPU
		{582725C6-2C03-4564-BDA7-3A84B9364D05}.Debug|Any CPU.ActiveCfg = Debug|Any CPU
		{582725C6-2C03-4564-BDA7-3A84B9364D05}.Debug|Any CPU.Build.0 = Debug|Any CPU
		{582725C6-2C03-4564-BDA7-3A84B9364D05}.Release|Any CPU.ActiveCfg = Debug|Any CPU
		{582725C6-2C03-4564-BDA7-3A84B9364D05}.Release|Any CPU.Build.0 = Debug|Any CPU
		{D12154B6-DABD-41E8-890F-6564F602DC36}.Debug|Any CPU.ActiveCfg = Debug|Any CPU
		{D12154B6-DABD-41E8-890F-6564F602DC36}.Debug|Any CPU.Build.0 = Debug|Any CPU
		{D12154B6-DABD-41E8-890F-6564F602DC36}.Release|Any CPU.ActiveCfg = Debug|Any CPU
		{D12154B6-DABD-41E8-890F-6564F602DC36}.Release|Any CPU.Build.0 = Debug|Any CPU
		{521BA46A-4EDC-4319-9354-09F964078792}.Debug|Any CPU.ActiveCfg = Debug|Any CPU
		{521BA46A-4EDC-4319-9354-09F964078792}.Debug|Any CPU.Build.0 = Debug|Any CPU
		{521BA46A-4EDC-4319-9354-09F964078792}.Release|Any CPU.ActiveCfg = Release|Any CPU
		{521BA46A-4EDC-4319-9354-09F964078792}.Release|Any CPU.Build.0 = Release|Any CPU
		{B585D5CA-2FEB-4BCF-8FC6-A2F332090CF7}.Debug|Any CPU.ActiveCfg = Debug|Any CPU
		{B585D5CA-2FEB-4BCF-8FC6-A2F332090CF7}.Debug|Any CPU.Build.0 = Debug|Any CPU
		{B585D5CA-2FEB-4BCF-8FC6-A2F332090CF7}.Release|Any CPU.ActiveCfg = Release|Any CPU
		{B585D5CA-2FEB-4BCF-8FC6-A2F332090CF7}.Release|Any CPU.Build.0 = Release|Any CPU
	EndGlobalSection
	GlobalSection(SolutionProperties) = preSolution
		HideSolutionNode = FALSE
	EndGlobalSection
	GlobalSection(ExtensibilityGlobals) = postSolution
		SolutionGuid = {925EC9F6-94E8-4A6F-A869-23C1A6271F4A}
	EndGlobalSection
EndGlobal
